<?xml version="1.0" encoding="utf-8"?>
<Project ToolsVersion="4.0" xmlns="http://schemas.microsoft.com/developer/msbuild/2003">
  <ItemGroup>
    <Filter Include="资源文件">
      <UniqueIdentifier>{67DA6AB6-F800-4c08-8B7A-83BB121AAD01}</UniqueIdentifier>
      <Extensions>rc;ico;cur;bmp;dlg;rc2;rct;bin;rgs;gif;jpg;jpeg;jpe;resx;tiff;tif;png;wav;mfcribbon-ms</Extensions>
    </Filter>
    <Filter Include="Util">
      <UniqueIdentifier>{2a0a1190-9b27-4632-91ac-8675698a72c9}</UniqueIdentifier>
    </Filter>
    <Filter Include="Core">
      <UniqueIdentifier>{1e579e04-550e-4216-a1d4-662e409bc179}</UniqueIdentifier>
    </Filter>
    <Filter Include="ThirdParty">
      <UniqueIdentifier>{0f3d0f61-9496-4d40-9718-a8cae8b9a218}</UniqueIdentifier>
    </Filter>
    <Filter Include="Core\Model">
      <UniqueIdentifier>{3d6afbd9-a12d-43cf-a1a5-a2356e641af3}</UniqueIdentifier>
    </Filter>
    <Filter Include="ThirdParty\json">
      <UniqueIdentifier>{42ffedfa-dff5-440d-9848-e35f1e8e2437}</UniqueIdentifier>
    </Filter>
    <Filter Include="Core\Component">
      <UniqueIdentifier>{f1972f65-2912-4592-a1a9-7dae26acd251}</UniqueIdentifier>
    </Filter>
    <Filter Include="ThirdParty\lua">
      <UniqueIdentifier>{0b809ff8-432b-45b4-b506-b7b247870c6a}</UniqueIdentifier>
    </Filter>
  </ItemGroup>
  <ItemGroup>
    <ClCompile Include="NewHorizon.cpp" />
    <ClCompile Include="Util\ImageLoader.cpp">
      <Filter>Util</Filter>
    </ClCompile>
    <ClCompile Include="Util\ShaderReader.cpp">
      <Filter>Util</Filter>
    </ClCompile>
    <ClCompile Include="Util\Timer.cpp">
      <Filter>Util</Filter>
    </ClCompile>
    <ClCompile Include="HorizonFrame.cpp" />
    <ClCompile Include="FrameInfo.cpp" />
    <ClCompile Include="Core\GameObject.cpp">
      <Filter>Core</Filter>
    </ClCompile>
    <ClCompile Include="Util\gl3w.c">
      <Filter>Util</Filter>
    </ClCompile>
    <ClCompile Include="Util\JsonLoader.cpp">
      <Filter>Util</Filter>
    </ClCompile>
    <ClCompile Include="Core\Model\Mesh.cpp">
      <Filter>Core\Model</Filter>
    </ClCompile>
    <ClCompile Include="Core\Model\Model.cpp">
      <Filter>Core\Model</Filter>
    </ClCompile>
    <ClCompile Include="Core\ShaderHelper.cpp">
      <Filter>Core</Filter>
    </ClCompile>
    <ClCompile Include="Core\GameObjectManager.cpp">
      <Filter>Core</Filter>
    </ClCompile>
    <ClCompile Include="Util\LuaUtil.cpp">
      <Filter>Util</Filter>
    </ClCompile>
    <ClCompile Include="Core\GameObjectBinder.cpp">
      <Filter>Core</Filter>
    </ClCompile>
  </ItemGroup>
  <ItemGroup>
    <ClInclude Include="Util\ImageLoader.h">
      <Filter>Util</Filter>
    </ClInclude>
    <ClInclude Include="Util\ShaderReader.h">
      <Filter>Util</Filter>
    </ClInclude>
    <ClInclude Include="Util\stb_image.h">
      <Filter>Util</Filter>
    </ClInclude>
    <ClInclude Include="Util\Timer.h">
      <Filter>Util</Filter>
    </ClInclude>
    <ClInclude Include="HorizonFrame.h" />
    <ClInclude Include="FrameInfo.h" />
    <ClInclude Include="Core\GameObject.h">
      <Filter>Core</Filter>
    </ClInclude>
    <ClInclude Include="Util\JsonLoader.h">
      <Filter>Util</Filter>
    </ClInclude>
    <ClInclude Include="Core\Model\Mesh.h">
      <Filter>Core\Model</Filter>
    </ClInclude>
    <ClInclude Include="Core\Model\Model.h">
      <Filter>Core\Model</Filter>
    </ClInclude>
    <ClInclude Include="ThirdParty\json\allocator.h">
      <Filter>ThirdParty\json</Filter>
    </ClInclude>
    <ClInclude Include="ThirdParty\json\assertions.h">
      <Filter>ThirdParty\json</Filter>
    </ClInclude>
    <ClInclude Include="ThirdParty\json\config.h">
      <Filter>ThirdParty\json</Filter>
    </ClInclude>
    <ClInclude Include="ThirdParty\json\forwards.h">
      <Filter>ThirdParty\json</Filter>
    </ClInclude>
    <ClInclude Include="ThirdParty\json\json.h">
      <Filter>ThirdParty\json</Filter>
    </ClInclude>
    <ClInclude Include="ThirdParty\json\json_features.h">
      <Filter>ThirdParty\json</Filter>
    </ClInclude>
    <ClInclude Include="ThirdParty\json\reader.h">
      <Filter>ThirdParty\json</Filter>
    </ClInclude>
    <ClInclude Include="ThirdParty\json\value.h">
      <Filter>ThirdParty\json</Filter>
    </ClInclude>
    <ClInclude Include="ThirdParty\json\version.h">
      <Filter>ThirdParty\json</Filter>
    </ClInclude>
    <ClInclude Include="ThirdParty\json\writer.h">
      <Filter>ThirdParty\json</Filter>
    </ClInclude>
    <ClInclude Include="Util\LogUtil.hpp">
      <Filter>Util</Filter>
    </ClInclude>
    <ClInclude Include="Core\ShaderHelper.h">
      <Filter>Core</Filter>
    </ClInclude>
    <ClInclude Include="Core\Component\IComponent.h">
      <Filter>Core\Component</Filter>
    </ClInclude>
    <ClInclude Include="Core\GameObjectManager.h">
      <Filter>Core</Filter>
    </ClInclude>
    <ClInclude Include="ThirdParty\lua\lauxlib.h">
      <Filter>ThirdParty\lua</Filter>
    </ClInclude>
    <ClInclude Include="ThirdParty\lua\lua.h">
      <Filter>ThirdParty\lua</Filter>
    </ClInclude>
    <ClInclude Include="ThirdParty\lua\lua.hpp">
      <Filter>ThirdParty\lua</Filter>
    </ClInclude>
    <ClInclude Include="ThirdParty\lua\luaconf.h">
      <Filter>ThirdParty\lua</Filter>
    </ClInclude>
    <ClInclude Include="ThirdParty\lua\lualib.h">
      <Filter>ThirdParty\lua</Filter>
    </ClInclude>
    <ClInclude Include="Util\LuaUtil.h">
      <Filter>Util</Filter>
    </ClInclude>
    <ClInclude Include="Core\GameObjectBinder.h">
      <Filter>Core</Filter>
    </ClInclude>
  </ItemGroup>
</Project>